{
    "name": "libdjs",
    "version": "0.1.0",
    "lockfileVersion": 3,
    "requires": true,
    "packages": {
        "": {
            "name": "libdjs",
            "version": "0.1.0",
            "dependencies": {
                "diablojs": "github:Diablo2009/diablojs#stable"
            },
            "engines": {
                "diablojs": ">=0.3.0-dev"
            }
        },
        "node_modules/diablojs": {
            "version": "0.3.0-dev",
            "resolved": "git+ssh://git@github.com/Diablo2009/diablojs.git#a22c468ca43b02a9b21bb27cac50c8fb765110da",
            "bundleDependencies": [
                "libdjs"
            ],
            "dependencies": {
                "libdjs": "github:Diablo2009/diablojs#libdjs"
            },
            "bin": {
                "djs": "index.js"
            }
        }
    }
}
